
Microsoft Visual Studio Solution File, Format Version 12.00
# Visual Studio Version 17
VisualStudioVersion = 17.7.34031.279
MinimumVisualStudioVersion = 10.0.40219.1
Project("{FAE04EC0-301F-11D3-BF4B-00C04F79EFBC}") = "TODO.WebApi", "TODO.WebApi\TODO.WebApi.csproj", "{6DD66A04-D9DF-472D-A4FE-11924F0DC850}"
EndProject
Global
	GlobalSection(SolutionConfigurationPlatforms) = preSolution
		Debug|Any CPU = Debug|Any CPU
		Release|Any CPU = Release|Any CPU
	EndGlobalSection
	GlobalSection(ProjectConfigurationPlatforms) = postSolution
		{6DD66A04-D9DF-472D-A4FE-11924F0DC850}.Debug|Any CPU.ActiveCfg = Debug|Any CPU
		{6DD66A04-D9DF-472D-A4FE-11924F0DC850}.Debug|Any CPU.Build.0 = Debug|Any CPU
		{6DD66A04-D9DF-472D-A4FE-11924F0DC850}.Release|Any CPU.ActiveCfg = Release|Any CPU
		{6DD66A04-D9DF-472D-A4FE-11924F0DC850}.Release|Any CPU.Build.0 = Release|Any CPU
	EndGlobalSection
	GlobalSection(SolutionProperties) = preSolution
		HideSolutionNode = FALSE
	EndGlobalSection
	GlobalSection(ExtensibilityGlobals) = postSolution
		SolutionGuid = {8101F44B-1DBB-41D3-B7BA-E4DB13274723}
	EndGlobalSection
EndGlobal
